
Microsoft Visual Studio Solution File, Format Version 12.00
# Visual Studio 15
VisualStudioVersion = 15.0.28010.2019
MinimumVisualStudioVersion = 10.0.40219.1
Project("{FAE04EC0-301F-11D3-BF4B-00C04F79EFBC}") = "SeleniumTestSample", "SeleniumTestSample\SeleniumTestSample.csproj", "{EDAEB1CF-247E-4B68-9BF3-2D8B8B624B2B}"
EndProject
Project("{FAE04EC0-301F-11D3-BF4B-00C04F79EFBC}") = "SampleWebApp", "SampleWebApp\SampleWebApp.csproj", "{C9E56D5D-6D57-4BC3-B864-AEB153302480}"
EndProject
Global
	GlobalSection(SolutionConfigurationPlatforms) = preSolution
		Debug|Any CPU = Debug|Any CPU
		Release|Any CPU = Release|Any CPU
	EndGlobalSection
	GlobalSection(ProjectConfigurationPlatforms) = postSolution
		{EDAEB1CF-247E-4B68-9BF3-2D8B8B624B2B}.Debug|Any CPU.ActiveCfg = Debug|Any CPU
		{EDAEB1CF-247E-4B68-9BF3-2D8B8B624B2B}.Debug|Any CPU.Build.0 = Debug|Any CPU
		{EDAEB1CF-247E-4B68-9BF3-2D8B8B624B2B}.Release|Any CPU.ActiveCfg = Release|Any CPU
		{EDAEB1CF-247E-4B68-9BF3-2D8B8B624B2B}.Release|Any CPU.Build.0 = Release|Any CPU
		{C9E56D5D-6D57-4BC3-B864-AEB153302480}.Debug|Any CPU.ActiveCfg = Debug|Any CPU
		{C9E56D5D-6D57-4BC3-B864-AEB153302480}.Debug|Any CPU.Build.0 = Debug|Any CPU
		{C9E56D5D-6D57-4BC3-B864-AEB153302480}.Release|Any CPU.ActiveCfg = Release|Any CPU
		{C9E56D5D-6D57-4BC3-B864-AEB153302480}.Release|Any CPU.Build.0 = Release|Any CPU
	EndGlobalSection
	GlobalSection(SolutionProperties) = preSolution
		HideSolutionNode = FALSE
	EndGlobalSection
	GlobalSection(ExtensibilityGlobals) = postSolution
		SolutionGuid = {757F617D-817E-46FB-B2D9-8A2DA739937D}
	EndGlobalSection
EndGlobal
